// !$*UTF8*$!
{
	archiveVersion = 1;
	classes = {
	};
	objectVersion = 77;
	objects = {

/* Begin PBXBuildFile section */
		BEC5657D2E7B1617009D4D17 /* DurationPicker in Frameworks */ = {isa = PBXBuildFile; productRef = BEC5657C2E7B1617009D4D17 /* DurationPicker */; };
		BEC565802E7B1627009D4D17 /* SFSymbolsPicker in Frameworks */ = {isa = PBXBuildFile; productRef = BEC5657F2E7B1627009D4D17 /* SFSymbolsPicker */; };
		BEC565832E7B1630009D4D17 /* TranscriptionKit in Frameworks */ = {isa = PBXBuildFile; productRef = BEC565822E7B1630009D4D17 /* TranscriptionKit */; };
		BEC565862E7B163B009D4D17 /* TimerKit in Frameworks */ = {isa = PBXBuildFile; productRef = BEC565852E7B163B009D4D17 /* TimerKit */; };
		BEC565892E7B167E009D4D17 /* FirebaseAnalytics in Frameworks */ = {isa = PBXBuildFile; productRef = BEC565882E7B167E009D4D17 /* FirebaseAnalytics */; };
		BEC5658B2E7B167E009D4D17 /* FirebaseAuth in Frameworks */ = {isa = PBXBuildFile; productRef = BEC5658A2E7B167E009D4D17 /* FirebaseAuth */; };
		BEC5658D2E7B167E009D4D17 /* FirebaseCore in Frameworks */ = {isa = PBXBuildFile; productRef = BEC5658C2E7B167E009D4D17 /* FirebaseCore */; };
		BEC5658F2E7B167E009D4D17 /* FirebaseFirestore in Frameworks */ = {isa = PBXBuildFile; productRef = BEC5658E2E7B167E009D4D17 /* FirebaseFirestore */; };
		BEC565912E7B167E009D4D17 /* FirebaseStorage in Frameworks */ = {isa = PBXBuildFile; productRef = BEC565902E7B167E009D4D17 /* FirebaseStorage */; };
		BEFFBDC42ED6A46400745A16 /* GameFrameWatch Watch App.app in Embed Watch Content */ = {isa = PBXBuildFile; fileRef = BEFFBDBA2ED6A46300745A16 /* GameFrameWatch Watch App.app */; settings = {ATTRIBUTES = (RemoveHeadersOnCopy, ); }; };
		BEFFBDD02ED6A47600745A16 /* WatchConnectivity.framework in Frameworks */ = {isa = PBXBuildFile; fileRef = BEFFBDCE2ED6A47500745A16 /* WatchConnectivity.framework */; };
		BEFFBDD12ED6A47600745A16 /* WatchKit.framework in Frameworks */ = {isa = PBXBuildFile; fileRef = BEFFBDCF2ED6A47500745A16 /* WatchKit.framework */; };
		BEFFBDD32ED6A47E00745A16 /* WatchConnectivity.framework in Frameworks */ = {isa = PBXBuildFile; fileRef = BEFFBDD22ED6A47E00745A16 /* WatchConnectivity.framework */; };
		BEFFBDE32ED6A52C00745A16 /* GameFrameIOSShared.framework in Frameworks */ = {isa = PBXBuildFile; fileRef = BEFFBDDB2ED6A52C00745A16 /* GameFrameIOSShared.framework */; };
		BEFFBDE42ED6A52C00745A16 /* GameFrameIOSShared.framework in Embed Frameworks */ = {isa = PBXBuildFile; fileRef = BEFFBDDB2ED6A52C00745A16 /* GameFrameIOSShared.framework */; settings = {ATTRIBUTES = (CodeSignOnCopy, RemoveHeadersOnCopy, ); }; };
/* End PBXBuildFile section */

/* Begin PBXContainerItemProxy section */
		BEF13CA82D4C30CC002DD096 /* PBXContainerItemProxy */ = {
			isa = PBXContainerItemProxy;
			containerPortal = BEF13C8B2D4C30CA002DD096 /* Project object */;
			proxyType = 1;
			remoteGlobalIDString = BEF13C922D4C30CA002DD096;
			remoteInfo = GameFrameIOS;
		};
		BEF13CB22D4C30CC002DD096 /* PBXContainerItemProxy */ = {
			isa = PBXContainerItemProxy;
			containerPortal = BEF13C8B2D4C30CA002DD096 /* Project object */;
			proxyType = 1;
			remoteGlobalIDString = BEF13C922D4C30CA002DD096;
			remoteInfo = GameFrameIOS;
		};
		BEFFBDC22ED6A46400745A16 /* PBXContainerItemProxy */ = {
			isa = PBXContainerItemProxy;
			containerPortal = BEF13C8B2D4C30CA002DD096 /* Project object */;
			proxyType = 1;
			remoteGlobalIDString = BEFFBDB92ED6A46300745A16;
			remoteInfo = "GameFrameWatch Watch App";
		};
		BEFFBDE12ED6A52C00745A16 /* PBXContainerItemProxy */ = {
			isa = PBXContainerItemProxy;
			containerPortal = BEF13C8B2D4C30CA002DD096 /* Project object */;
			proxyType = 1;
			remoteGlobalIDString = BEFFBDDA2ED6A52C00745A16;
			remoteInfo = GameFrameIOSShared;
		};
/* End PBXContainerItemProxy section */

/* Begin PBXCopyFilesBuildPhase section */
		BEFFBDC82ED6A46400745A16 /* Embed Watch Content */ = {
			isa = PBXCopyFilesBuildPhase;
			buildActionMask = 2147483647;
			dstPath = "$(CONTENTS_FOLDER_PATH)/Watch";
			dstSubfolderSpec = 16;
			files = (
				BEFFBDC42ED6A46400745A16 /* GameFrameWatch Watch App.app in Embed Watch Content */,
			);
			name = "Embed Watch Content";
			runOnlyForDeploymentPostprocessing = 0;
		};
		BEFFBDE82ED6A52C00745A16 /* Embed Frameworks */ = {
			isa = PBXCopyFilesBuildPhase;
			buildActionMask = 2147483647;
			dstPath = "";
			dstSubfolderSpec = 10;
			files = (
				BEFFBDE42ED6A52C00745A16 /* GameFrameIOSShared.framework in Embed Frameworks */,
			);
			name = "Embed Frameworks";
			runOnlyForDeploymentPostprocessing = 0;
		};
/* End PBXCopyFilesBuildPhase section */

/* Begin PBXFileReference section */
		BEF13C932D4C30CA002DD096 /* GameFrameIOS.app */ = {isa = PBXFileReference; explicitFileType = wrapper.application; includeInIndex = 0; path = GameFrameIOS.app; sourceTree = BUILT_PRODUCTS_DIR; };
		BEF13CA72D4C30CC002DD096 /* GameFrameIOSTests.xctest */ = {isa = PBXFileReference; explicitFileType = wrapper.cfbundle; includeInIndex = 0; path = GameFrameIOSTests.xctest; sourceTree = BUILT_PRODUCTS_DIR; };
		BEF13CB12D4C30CC002DD096 /* GameFrameIOSUITests.xctest */ = {isa = PBXFileReference; explicitFileType = wrapper.cfbundle; includeInIndex = 0; path = GameFrameIOSUITests.xctest; sourceTree = BUILT_PRODUCTS_DIR; };
		BEFFBDBA2ED6A46300745A16 /* GameFrameWatch Watch App.app */ = {isa = PBXFileReference; explicitFileType = wrapper.application; includeInIndex = 0; path = "GameFrameWatch Watch App.app"; sourceTree = BUILT_PRODUCTS_DIR; };
		BEFFBDCE2ED6A47500745A16 /* WatchConnectivity.framework */ = {isa = PBXFileReference; lastKnownFileType = wrapper.framework; name = WatchConnectivity.framework; path = Platforms/WatchOS.platform/Developer/SDKs/WatchOS26.1.sdk/System/Library/Frameworks/WatchConnectivity.framework; sourceTree = DEVELOPER_DIR; };
		BEFFBDCF2ED6A47500745A16 /* WatchKit.framework */ = {isa = PBXFileReference; lastKnownFileType = wrapper.framework; name = WatchKit.framework; path = Platforms/WatchOS.platform/Developer/SDKs/WatchOS26.1.sdk/System/Library/Frameworks/WatchKit.framework; sourceTree = DEVELOPER_DIR; };
		BEFFBDD22ED6A47E00745A16 /* WatchConnectivity.framework */ = {isa = PBXFileReference; lastKnownFileType = wrapper.framework; name = WatchConnectivity.framework; path = System/Library/Frameworks/WatchConnectivity.framework; sourceTree = SDKROOT; };
		BEFFBDDB2ED6A52C00745A16 /* GameFrameIOSShared.framework */ = {isa = PBXFileReference; explicitFileType = wrapper.framework; includeInIndex = 0; path = GameFrameIOSShared.framework; sourceTree = BUILT_PRODUCTS_DIR; };
/* End PBXFileReference section */

/* Begin PBXFileSystemSynchronizedBuildFileExceptionSet section */
		BEF13CB92D4C30CC002DD096 /* Exceptions for "GameFrameIOS" folder in "GameFrameIOS" target */ = {
			isa = PBXFileSystemSynchronizedBuildFileExceptionSet;
			membershipExceptions = (
				Info.plist,
			);
			target = BEF13C922D4C30CA002DD096 /* GameFrameIOS */;
		};
		BEFFBDD52ED6A4A900745A16 /* Exceptions for "GameFrameIOS" folder in "GameFrameWatch Watch App" target */ = {
			isa = PBXFileSystemSynchronizedBuildFileExceptionSet;
			membershipExceptions = (
				Core/CoachActions/RecordGame/RecordingButtonView.swift,
			);
			target = BEFFBDB92ED6A46300745A16 /* GameFrameWatch Watch App */;
		};
/* End PBXFileSystemSynchronizedBuildFileExceptionSet section */

/* Begin PBXFileSystemSynchronizedRootGroup section */
		BEF13C952D4C30CA002DD096 /* GameFrameIOS */ = {
			isa = PBXFileSystemSynchronizedRootGroup;
			exceptions = (
				BEF13CB92D4C30CC002DD096 /* Exceptions for "GameFrameIOS" folder in "GameFrameIOS" target */,
				BEFFBDD52ED6A4A900745A16 /* Exceptions for "GameFrameIOS" folder in "GameFrameWatch Watch App" target */,
			);
			path = GameFrameIOS;
			sourceTree = "<group>";
		};
		BEF13CAA2D4C30CC002DD096 /* GameFrameIOSTests */ = {
			isa = PBXFileSystemSynchronizedRootGroup;
			path = GameFrameIOSTests;
			sourceTree = "<group>";
		};
		BEF13CB42D4C30CC002DD096 /* GameFrameIOSUITests */ = {
			isa = PBXFileSystemSynchronizedRootGroup;
			path = GameFrameIOSUITests;
			sourceTree = "<group>";
		};
		BEFFBDBB2ED6A46300745A16 /* GameFrameWatch Watch App */ = {
			isa = PBXFileSystemSynchronizedRootGroup;
			path = "GameFrameWatch Watch App";
			sourceTree = "<group>";
		};
		BEFFBDDC2ED6A52C00745A16 /* GameFrameIOSShared */ = {
			isa = PBXFileSystemSynchronizedRootGroup;
			path = GameFrameIOSShared;
			sourceTree = "<group>";
		};
/* End PBXFileSystemSynchronizedRootGroup section */

/* Begin PBXFrameworksBuildPhase section */
		BEF13C902D4C30CA002DD096 /* Frameworks */ = {
			isa = PBXFrameworksBuildPhase;
			buildActionMask = 2147483647;
			files = (
				BEC5657D2E7B1617009D4D17 /* DurationPicker in Frameworks */,
				BEC5658B2E7B167E009D4D17 /* FirebaseAuth in Frameworks */,
				BEFFBDE32ED6A52C00745A16 /* GameFrameIOSShared.framework in Frameworks */,
				BEC565912E7B167E009D4D17 /* FirebaseStorage in Frameworks */,
				BEC565862E7B163B009D4D17 /* TimerKit in Frameworks */,
				BEC565802E7B1627009D4D17 /* SFSymbolsPicker in Frameworks */,
				BEC5658D2E7B167E009D4D17 /* FirebaseCore in Frameworks */,
				BEC5658F2E7B167E009D4D17 /* FirebaseFirestore in Frameworks */,
				BEC565892E7B167E009D4D17 /* FirebaseAnalytics in Frameworks */,
				BEC565832E7B1630009D4D17 /* TranscriptionKit in Frameworks */,
				BEFFBDD32ED6A47E00745A16 /* WatchConnectivity.framework in Frameworks */,
			);
			runOnlyForDeploymentPostprocessing = 0;
		};
		BEF13CA42D4C30CC002DD096 /* Frameworks */ = {
			isa = PBXFrameworksBuildPhase;
			buildActionMask = 2147483647;
			files = (
			);
			runOnlyForDeploymentPostprocessing = 0;
		};
		BEF13CAE2D4C30CC002DD096 /* Frameworks */ = {
			isa = PBXFrameworksBuildPhase;
			buildActionMask = 2147483647;
			files = (
			);
			runOnlyForDeploymentPostprocessing = 0;
		};
		BEFFBDB72ED6A46300745A16 /* Frameworks */ = {
			isa = PBXFrameworksBuildPhase;
			buildActionMask = 2147483647;
			files = (
				BEFFBDD02ED6A47600745A16 /* WatchConnectivity.framework in Frameworks */,
				BEFFBDD12ED6A47600745A16 /* WatchKit.framework in Frameworks */,
			);
			runOnlyForDeploymentPostprocessing = 0;
		};
		BEFFBDD82ED6A52C00745A16 /* Frameworks */ = {
			isa = PBXFrameworksBuildPhase;
			buildActionMask = 2147483647;
			files = (
			);
			runOnlyForDeploymentPostprocessing = 0;
		};
/* End PBXFrameworksBuildPhase section */

/* Begin PBXGroup section */
		BEF13C8A2D4C30CA002DD096 = {
			isa = PBXGroup;
			children = (
				BEF13C952D4C30CA002DD096 /* GameFrameIOS */,
				BEF13CAA2D4C30CC002DD096 /* GameFrameIOSTests */,
				BEF13CB42D4C30CC002DD096 /* GameFrameIOSUITests */,
				BEFFBDBB2ED6A46300745A16 /* GameFrameWatch Watch App */,
				BEFFBDDC2ED6A52C00745A16 /* GameFrameIOSShared */,
				BEFFBDCD2ED6A47500745A16 /* Frameworks */,
				BEF13C942D4C30CA002DD096 /* Products */,
			);
			sourceTree = "<group>";
		};
		BEF13C942D4C30CA002DD096 /* Products */ = {
			isa = PBXGroup;
			children = (
				BEF13C932D4C30CA002DD096 /* GameFrameIOS.app */,
				BEF13CA72D4C30CC002DD096 /* GameFrameIOSTests.xctest */,
				BEF13CB12D4C30CC002DD096 /* GameFrameIOSUITests.xctest */,
				BEFFBDBA2ED6A46300745A16 /* GameFrameWatch Watch App.app */,
				BEFFBDDB2ED6A52C00745A16 /* GameFrameIOSShared.framework */,
			);
			name = Products;
			sourceTree = "<group>";
		};
		BEFFBDCD2ED6A47500745A16 /* Frameworks */ = {
			isa = PBXGroup;
			children = (
				BEFFBDCE2ED6A47500745A16 /* WatchConnectivity.framework */,
				BEFFBDD22ED6A47E00745A16 /* WatchConnectivity.framework */,
				BEFFBDCF2ED6A47500745A16 /* WatchKit.framework */,
			);
			name = Frameworks;
			sourceTree = "<group>";
		};
/* End PBXGroup section */

/* Begin PBXHeadersBuildPhase section */
		BEFFBDD62ED6A52C00745A16 /* Headers */ = {
			isa = PBXHeadersBuildPhase;
			buildActionMask = 2147483647;
			files = (
			);
			runOnlyForDeploymentPostprocessing = 0;
		};
/* End PBXHeadersBuildPhase section */

/* Begin PBXNativeTarget section */
		BEF13C922D4C30CA002DD096 /* GameFrameIOS */ = {
			isa = PBXNativeTarget;
			buildConfigurationList = BEF13CBA2D4C30CC002DD096 /* Build configuration list for PBXNativeTarget "GameFrameIOS" */;
			buildPhases = (
				BEF13C8F2D4C30CA002DD096 /* Sources */,
				BEF13C902D4C30CA002DD096 /* Frameworks */,
				BEF13C912D4C30CA002DD096 /* Resources */,
				BEFFBDC82ED6A46400745A16 /* Embed Watch Content */,
				BEFFBDE82ED6A52C00745A16 /* Embed Frameworks */,
			);
			buildRules = (
			);
			dependencies = (
				BEFFBDC32ED6A46400745A16 /* PBXTargetDependency */,
				BEFFBDE22ED6A52C00745A16 /* PBXTargetDependency */,
			);
			fileSystemSynchronizedGroups = (
				BEF13C952D4C30CA002DD096 /* GameFrameIOS */,
			);
			name = GameFrameIOS;
			packageProductDependencies = (
				BEC5657C2E7B1617009D4D17 /* DurationPicker */,
				BEC5657F2E7B1627009D4D17 /* SFSymbolsPicker */,
				BEC565822E7B1630009D4D17 /* TranscriptionKit */,
				BEC565852E7B163B009D4D17 /* TimerKit */,
				BEC565882E7B167E009D4D17 /* FirebaseAnalytics */,
				BEC5658A2E7B167E009D4D17 /* FirebaseAuth */,
				BEC5658C2E7B167E009D4D17 /* FirebaseCore */,
				BEC5658E2E7B167E009D4D17 /* FirebaseFirestore */,
				BEC565902E7B167E009D4D17 /* FirebaseStorage */,
			);
			productName = GameFrameIOS;
			productReference = BEF13C932D4C30CA002DD096 /* GameFrameIOS.app */;
			productType = "com.apple.product-type.application";
		};
		BEF13CA62D4C30CC002DD096 /* GameFrameIOSTests */ = {
			isa = PBXNativeTarget;
			buildConfigurationList = BEF13CBF2D4C30CC002DD096 /* Build configuration list for PBXNativeTarget "GameFrameIOSTests" */;
			buildPhases = (
				BEF13CA32D4C30CC002DD096 /* Sources */,
				BEF13CA42D4C30CC002DD096 /* Frameworks */,
				BEF13CA52D4C30CC002DD096 /* Resources */,
			);
			buildRules = (
			);
			dependencies = (
				BEF13CA92D4C30CC002DD096 /* PBXTargetDependency */,
			);
			fileSystemSynchronizedGroups = (
				BEF13CAA2D4C30CC002DD096 /* GameFrameIOSTests */,
			);
			name = GameFrameIOSTests;
			packageProductDependencies = (
			);
			productName = GameFrameIOSTests;
			productReference = BEF13CA72D4C30CC002DD096 /* GameFrameIOSTests.xctest */;
			productType = "com.apple.product-type.bundle.unit-test";
		};
		BEF13CB02D4C30CC002DD096 /* GameFrameIOSUITests */ = {
			isa = PBXNativeTarget;
			buildConfigurationList = BEF13CC22D4C30CC002DD096 /* Build configuration list for PBXNativeTarget "GameFrameIOSUITests" */;
			buildPhases = (
				BEF13CAD2D4C30CC002DD096 /* Sources */,
				BEF13CAE2D4C30CC002DD096 /* Frameworks */,
				BEF13CAF2D4C30CC002DD096 /* Resources */,
			);
			buildRules = (
			);
			dependencies = (
				BEF13CB32D4C30CC002DD096 /* PBXTargetDependency */,
			);
			fileSystemSynchronizedGroups = (
				BEF13CB42D4C30CC002DD096 /* GameFrameIOSUITests */,
			);
			name = GameFrameIOSUITests;
			packageProductDependencies = (
			);
			productName = GameFrameIOSUITests;
			productReference = BEF13CB12D4C30CC002DD096 /* GameFrameIOSUITests.xctest */;
			productType = "com.apple.product-type.bundle.ui-testing";
		};
		BEFFBDB92ED6A46300745A16 /* GameFrameWatch Watch App */ = {
			isa = PBXNativeTarget;
			buildConfigurationList = BEFFBDC52ED6A46400745A16 /* Build configuration list for PBXNativeTarget "GameFrameWatch Watch App" */;
			buildPhases = (
				BEFFBDB62ED6A46300745A16 /* Sources */,
				BEFFBDB72ED6A46300745A16 /* Frameworks */,
				BEFFBDB82ED6A46300745A16 /* Resources */,
			);
			buildRules = (
			);
			dependencies = (
			);
			fileSystemSynchronizedGroups = (
				BEFFBDBB2ED6A46300745A16 /* GameFrameWatch Watch App */,
			);
			name = "GameFrameWatch Watch App";
			packageProductDependencies = (
			);
			productName = "GameFrameWatch Watch App";
			productReference = BEFFBDBA2ED6A46300745A16 /* GameFrameWatch Watch App.app */;
			productType = "com.apple.product-type.application";
		};
		BEFFBDDA2ED6A52C00745A16 /* GameFrameIOSShared */ = {
			isa = PBXNativeTarget;
			buildConfigurationList = BEFFBDE52ED6A52C00745A16 /* Build configuration list for PBXNativeTarget "GameFrameIOSShared" */;
			buildPhases = (
				BEFFBDD62ED6A52C00745A16 /* Headers */,
				BEFFBDD72ED6A52C00745A16 /* Sources */,
				BEFFBDD82ED6A52C00745A16 /* Frameworks */,
				BEFFBDD92ED6A52C00745A16 /* Resources */,
			);
			buildRules = (
			);
			dependencies = (
			);
			fileSystemSynchronizedGroups = (
				BEFFBDDC2ED6A52C00745A16 /* GameFrameIOSShared */,
			);
			name = GameFrameIOSShared;
			packageProductDependencies = (
			);
			productName = GameFrameIOSShared;
			productReference = BEFFBDDB2ED6A52C00745A16 /* GameFrameIOSShared.framework */;
			productType = "com.apple.product-type.framework";
		};
/* End PBXNativeTarget section */

/* Begin PBXProject section */
		BEF13C8B2D4C30CA002DD096 /* Project object */ = {
			isa = PBXProject;
			attributes = {
				BuildIndependentTargetsInParallel = 1;
				LastSwiftUpdateCheck = 2610;
				LastUpgradeCheck = 2610;
				TargetAttributes = {
					BEF13C922D4C30CA002DD096 = {
						CreatedOnToolsVersion = 16.2;
					};
					BEF13CA62D4C30CC002DD096 = {
						CreatedOnToolsVersion = 16.2;
						TestTargetID = BEF13C922D4C30CA002DD096;
					};
					BEF13CB02D4C30CC002DD096 = {
						CreatedOnToolsVersion = 16.2;
						TestTargetID = BEF13C922D4C30CA002DD096;
					};
					BEFFBDB92ED6A46300745A16 = {
						CreatedOnToolsVersion = 26.1.1;
					};
					BEFFBDDA2ED6A52C00745A16 = {
						CreatedOnToolsVersion = 26.1.1;
					};
				};
			};
			buildConfigurationList = BEF13C8E2D4C30CA002DD096 /* Build configuration list for PBXProject "GameFrameIOS" */;
			developmentRegion = en;
			hasScannedForEncodings = 0;
			knownRegions = (
				en,
				Base,
			);
			mainGroup = BEF13C8A2D4C30CA002DD096;
			minimizedProjectReferenceProxies = 1;
			packageReferences = (
				BEC5657B2E7B1617009D4D17 /* XCRemoteSwiftPackageReference "DurationPicker" */,
				BEC5657E2E7B1627009D4D17 /* XCRemoteSwiftPackageReference "SFSymbolsPicker" */,
				BEC565812E7B1630009D4D17 /* XCLocalSwiftPackageReference "../../../../Downloads/TranscribingSpeechToText/StartingProject/TutorialResources/TranscriptionKit" */,
				BEC565842E7B163B009D4D17 /* XCLocalSwiftPackageReference "../../../../Downloads/TranscribingSpeechToText/StartingProject/TutorialResources/TimerKit" */,
				BEC565872E7B167E009D4D17 /* XCRemoteSwiftPackageReference "firebase-ios-sdk" */,
			);
			preferredProjectObjectVersion = 77;
			productRefGroup = BEF13C942D4C30CA002DD096 /* Products */;
			projectDirPath = "";
			projectRoot = "";
			targets = (
				BEF13C922D4C30CA002DD096 /* GameFrameIOS */,
				BEF13CA62D4C30CC002DD096 /* GameFrameIOSTests */,
				BEF13CB02D4C30CC002DD096 /* GameFrameIOSUITests */,
				BEFFBDB92ED6A46300745A16 /* GameFrameWatch Watch App */,
				BEFFBDDA2ED6A52C00745A16 /* GameFrameIOSShared */,
			);
		};
/* End PBXProject section */

/* Begin PBXResourcesBuildPhase section */
		BEF13C912D4C30CA002DD096 /* Resources */ = {
			isa = PBXResourcesBuildPhase;
			buildActionMask = 2147483647;
			files = (
			);
			runOnlyForDeploymentPostprocessing = 0;
		};
		BEF13CA52D4C30CC002DD096 /* Resources */ = {
			isa = PBXResourcesBuildPhase;
			buildActionMask = 2147483647;
			files = (
			);
			runOnlyForDeploymentPostprocessing = 0;
		};
		BEF13CAF2D4C30CC002DD096 /* Resources */ = {
			isa = PBXResourcesBuildPhase;
			buildActionMask = 2147483647;
			files = (
			);
			runOnlyForDeploymentPostprocessing = 0;
		};
		BEFFBDB82ED6A46300745A16 /* Resources */ = {
			isa = PBXResourcesBuildPhase;
			buildActionMask = 2147483647;
			files = (
			);
			runOnlyForDeploymentPostprocessing = 0;
		};
		BEFFBDD92ED6A52C00745A16 /* Resources */ = {
			isa = PBXResourcesBuildPhase;
			buildActionMask = 2147483647;
			files = (
			);
			runOnlyForDeploymentPostprocessing = 0;
		};
/* End PBXResourcesBuildPhase section */

/* Begin PBXSourcesBuildPhase section */
		BEF13C8F2D4C30CA002DD096 /* Sources */ = {
			isa = PBXSourcesBuildPhase;
			buildActionMask = 2147483647;
			files = (
			);
			runOnlyForDeploymentPostprocessing = 0;
		};
		BEF13CA32D4C30CC002DD096 /* Sources */ = {
			isa = PBXSourcesBuildPhase;
			buildActionMask = 2147483647;
			files = (
			);
			runOnlyForDeploymentPostprocessing = 0;
		};
		BEF13CAD2D4C30CC002DD096 /* Sources */ = {
			isa = PBXSourcesBuildPhase;
			buildActionMask = 2147483647;
			files = (
			);
			runOnlyForDeploymentPostprocessing = 0;
		};
		BEFFBDB62ED6A46300745A16 /* Sources */ = {
			isa = PBXSourcesBuildPhase;
			buildActionMask = 2147483647;
			files = (
			);
			runOnlyForDeploymentPostprocessing = 0;
		};
		BEFFBDD72ED6A52C00745A16 /* Sources */ = {
			isa = PBXSourcesBuildPhase;
			buildActionMask = 2147483647;
			files = (
			);
			runOnlyForDeploymentPostprocessing = 0;
		};
/* End PBXSourcesBuildPhase section */

/* Begin PBXTargetDependency section */
		BEF13CA92D4C30CC002DD096 /* PBXTargetDependency */ = {
			isa = PBXTargetDependency;
			target = BEF13C922D4C30CA002DD096 /* GameFrameIOS */;
			targetProxy = BEF13CA82D4C30CC002DD096 /* PBXContainerItemProxy */;
		};
		BEF13CB32D4C30CC002DD096 /* PBXTargetDependency */ = {
			isa = PBXTargetDependency;
			target = BEF13C922D4C30CA002DD096 /* GameFrameIOS */;
			targetProxy = BEF13CB22D4C30CC002DD096 /* PBXContainerItemProxy */;
		};
		BEFFBDC32ED6A46400745A16 /* PBXTargetDependency */ = {
			isa = PBXTargetDependency;
			target = BEFFBDB92ED6A46300745A16 /* GameFrameWatch Watch App */;
			targetProxy = BEFFBDC22ED6A46400745A16 /* PBXContainerItemProxy */;
		};
		BEFFBDE22ED6A52C00745A16 /* PBXTargetDependency */ = {
			isa = PBXTargetDependency;
			target = BEFFBDDA2ED6A52C00745A16 /* GameFrameIOSShared */;
			targetProxy = BEFFBDE12ED6A52C00745A16 /* PBXContainerItemProxy */;
		};
/* End PBXTargetDependency section */

/* Begin XCBuildConfiguration section */
		BEF13CBB2D4C30CC002DD096 /* Debug */ = {
			isa = XCBuildConfiguration;
			buildSettings = {
				ASSETCATALOG_COMPILER_APPICON_NAME = AppIcon;
				ASSETCATALOG_COMPILER_GLOBAL_ACCENT_COLOR_NAME = AccentColor;
				CODE_SIGN_ENTITLEMENTS = GameFrameIOS/GameFrameIOS.entitlements;
				CODE_SIGN_STYLE = Automatic;
				CURRENT_PROJECT_VERSION = 1;
				DEVELOPMENT_ASSET_PATHS = "\"GameFrameIOS/Preview Content\"";
				DEVELOPMENT_TEAM = 285KQ54224;
				ENABLE_APP_SANDBOX = YES;
				ENABLE_PREVIEWS = YES;
				ENABLE_USER_SELECTED_FILES = readonly;
				GENERATE_INFOPLIST_FILE = YES;
				INFOPLIST_FILE = GameFrameIOS/Info.plist;
				INFOPLIST_KEY_NSCameraUsageDescription = "Need it to record games";
				INFOPLIST_KEY_NSMicrophoneUsageDescription = "To record audio feedback";
				INFOPLIST_KEY_NSSpeechRecognitionUsageDescription = "To transcribe audio feedback to text";
				INFOPLIST_KEY_UIApplicationSceneManifest_Generation = YES;
				INFOPLIST_KEY_UIApplicationSupportsIndirectInputEvents = YES;
				INFOPLIST_KEY_UILaunchScreen_Generation = YES;
				INFOPLIST_KEY_UISupportedInterfaceOrientations_iPad = "UIInterfaceOrientationPortrait UIInterfaceOrientationPortraitUpsideDown UIInterfaceOrientationLandscapeLeft UIInterfaceOrientationLandscapeRight";
				INFOPLIST_KEY_UISupportedInterfaceOrientations_iPhone = "UIInterfaceOrientationPortrait UIInterfaceOrientationLandscapeLeft UIInterfaceOrientationLandscapeRight";
				LD_RUNPATH_SEARCH_PATHS = (
					"$(inherited)",
					"@executable_path/Frameworks",
				);
				MARKETING_VERSION = 1.0;
				PRODUCT_BUNDLE_IDENTIFIER = com.melinarochon.GameFrame.GameFrameIOS;
				PRODUCT_NAME = "$(TARGET_NAME)";
				SWIFT_EMIT_LOC_STRINGS = YES;
				SWIFT_VERSION = 5.0;
				TARGETED_DEVICE_FAMILY = "1,2";
			};
			name = Debug;
		};
		BEF13CBC2D4C30CC002DD096 /* Release */ = {
			isa = XCBuildConfiguration;
			buildSettings = {
				ASSETCATALOG_COMPILER_APPICON_NAME = AppIcon;
				ASSETCATALOG_COMPILER_GLOBAL_ACCENT_COLOR_NAME = AccentColor;
				CODE_SIGN_ENTITLEMENTS = GameFrameIOS/GameFrameIOS.entitlements;
				CODE_SIGN_STYLE = Automatic;
				CURRENT_PROJECT_VERSION = 1;
				DEVELOPMENT_ASSET_PATHS = "\"GameFrameIOS/Preview Content\"";
				DEVELOPMENT_TEAM = 285KQ54224;
				ENABLE_APP_SANDBOX = YES;
				ENABLE_PREVIEWS = YES;
				ENABLE_USER_SELECTED_FILES = readonly;
				GENERATE_INFOPLIST_FILE = YES;
				INFOPLIST_FILE = GameFrameIOS/Info.plist;
				INFOPLIST_KEY_NSCameraUsageDescription = "Need it to record games";
				INFOPLIST_KEY_NSMicrophoneUsageDescription = "To record audio feedback";
				INFOPLIST_KEY_NSSpeechRecognitionUsageDescription = "To transcribe audio feedback to text";
				INFOPLIST_KEY_UIApplicationSceneManifest_Generation = YES;
				INFOPLIST_KEY_UIApplicationSupportsIndirectInputEvents = YES;
				INFOPLIST_KEY_UILaunchScreen_Generation = YES;
				INFOPLIST_KEY_UISupportedInterfaceOrientations_iPad = "UIInterfaceOrientationPortrait UIInterfaceOrientationPortraitUpsideDown UIInterfaceOrientationLandscapeLeft UIInterfaceOrientationLandscapeRight";
				INFOPLIST_KEY_UISupportedInterfaceOrientations_iPhone = "UIInterfaceOrientationPortrait UIInterfaceOrientationLandscapeLeft UIInterfaceOrientationLandscapeRight";
				LD_RUNPATH_SEARCH_PATHS = (
					"$(inherited)",
					"@executable_path/Frameworks",
				);
				MARKETING_VERSION = 1.0;
				PRODUCT_BUNDLE_IDENTIFIER = com.melinarochon.GameFrame.GameFrameIOS;
				PRODUCT_NAME = "$(TARGET_NAME)";
				SWIFT_EMIT_LOC_STRINGS = YES;
				SWIFT_VERSION = 5.0;
				TARGETED_DEVICE_FAMILY = "1,2";
			};
			name = Release;
		};
		BEF13CBD2D4C30CC002DD096 /* Debug */ = {
			isa = XCBuildConfiguration;
			buildSettings = {
				ALWAYS_SEARCH_USER_PATHS = NO;
				ASSETCATALOG_COMPILER_GENERATE_SWIFT_ASSET_SYMBOL_EXTENSIONS = YES;
				CLANG_ANALYZER_NONNULL = YES;
				CLANG_ANALYZER_NUMBER_OBJECT_CONVERSION = YES_AGGRESSIVE;
				CLANG_CXX_LANGUAGE_STANDARD = "gnu++20";
				CLANG_ENABLE_MODULES = YES;
				CLANG_ENABLE_OBJC_ARC = YES;
				CLANG_ENABLE_OBJC_WEAK = YES;
				CLANG_WARN_BLOCK_CAPTURE_AUTORELEASING = YES;
				CLANG_WARN_BOOL_CONVERSION = YES;
				CLANG_WARN_COMMA = YES;
				CLANG_WARN_CONSTANT_CONVERSION = YES;
				CLANG_WARN_DEPRECATED_OBJC_IMPLEMENTATIONS = YES;
				CLANG_WARN_DIRECT_OBJC_ISA_USAGE = YES_ERROR;
				CLANG_WARN_DOCUMENTATION_COMMENTS = YES;
				CLANG_WARN_EMPTY_BODY = YES;
				CLANG_WARN_ENUM_CONVERSION = YES;
				CLANG_WARN_INFINITE_RECURSION = YES;
				CLANG_WARN_INT_CONVERSION = YES;
				CLANG_WARN_NON_LITERAL_NULL_CONVERSION = YES;
				CLANG_WARN_OBJC_IMPLICIT_RETAIN_SELF = YES;
				CLANG_WARN_OBJC_LITERAL_CONVERSION = YES;
				CLANG_WARN_OBJC_ROOT_CLASS = YES_ERROR;
				CLANG_WARN_QUOTED_INCLUDE_IN_FRAMEWORK_HEADER = YES;
				CLANG_WARN_RANGE_LOOP_ANALYSIS = YES;
				CLANG_WARN_STRICT_PROTOTYPES = YES;
				CLANG_WARN_SUSPICIOUS_MOVE = YES;
				CLANG_WARN_UNGUARDED_AVAILABILITY = YES_AGGRESSIVE;
				CLANG_WARN_UNREACHABLE_CODE = YES;
				CLANG_WARN__DUPLICATE_METHOD_MATCH = YES;
				COPY_PHASE_STRIP = NO;
				DEBUG_INFORMATION_FORMAT = dwarf;
				ENABLE_STRICT_OBJC_MSGSEND = YES;
				ENABLE_TESTABILITY = YES;
				ENABLE_USER_SCRIPT_SANDBOXING = YES;
				GCC_C_LANGUAGE_STANDARD = gnu17;
				GCC_DYNAMIC_NO_PIC = NO;
				GCC_NO_COMMON_BLOCKS = YES;
				GCC_OPTIMIZATION_LEVEL = 0;
				GCC_PREPROCESSOR_DEFINITIONS = (
					"DEBUG=1",
					"$(inherited)",
				);
				GCC_WARN_64_TO_32_BIT_CONVERSION = YES;
				GCC_WARN_ABOUT_RETURN_TYPE = YES_ERROR;
				GCC_WARN_UNDECLARED_SELECTOR = YES;
				GCC_WARN_UNINITIALIZED_AUTOS = YES_AGGRESSIVE;
				GCC_WARN_UNUSED_FUNCTION = YES;
				GCC_WARN_UNUSED_VARIABLE = YES;
				IPHONEOS_DEPLOYMENT_TARGET = 18.2;
				LOCALIZATION_PREFERS_STRING_CATALOGS = YES;
				MTL_ENABLE_DEBUG_INFO = INCLUDE_SOURCE;
				MTL_FAST_MATH = YES;
				ONLY_ACTIVE_ARCH = YES;
				SDKROOT = iphoneos;
				STRING_CATALOG_GENERATE_SYMBOLS = YES;
				SWIFT_ACTIVE_COMPILATION_CONDITIONS = "DEBUG $(inherited)";
				SWIFT_OPTIMIZATION_LEVEL = "-Onone";
			};
			name = Debug;
		};
		BEF13CBE2D4C30CC002DD096 /* Release */ = {
			isa = XCBuildConfiguration;
			buildSettings = {
				ALWAYS_SEARCH_USER_PATHS = NO;
				ASSETCATALOG_COMPILER_GENERATE_SWIFT_ASSET_SYMBOL_EXTENSIONS = YES;
				CLANG_ANALYZER_NONNULL = YES;
				CLANG_ANALYZER_NUMBER_OBJECT_CONVERSION = YES_AGGRESSIVE;
				CLANG_CXX_LANGUAGE_STANDARD = "gnu++20";
				CLANG_ENABLE_MODULES = YES;
				CLANG_ENABLE_OBJC_ARC = YES;
				CLANG_ENABLE_OBJC_WEAK = YES;
				CLANG_WARN_BLOCK_CAPTURE_AUTORELEASING = YES;
				CLANG_WARN_BOOL_CONVERSION = YES;
				CLANG_WARN_COMMA = YES;
				CLANG_WARN_CONSTANT_CONVERSION = YES;
				CLANG_WARN_DEPRECATED_OBJC_IMPLEMENTATIONS = YES;
				CLANG_WARN_DIRECT_OBJC_ISA_USAGE = YES_ERROR;
				CLANG_WARN_DOCUMENTATION_COMMENTS = YES;
				CLANG_WARN_EMPTY_BODY = YES;
				CLANG_WARN_ENUM_CONVERSION = YES;
				CLANG_WARN_INFINITE_RECURSION = YES;
				CLANG_WARN_INT_CONVERSION = YES;
				CLANG_WARN_NON_LITERAL_NULL_CONVERSION = YES;
				CLANG_WARN_OBJC_IMPLICIT_RETAIN_SELF = YES;
				CLANG_WARN_OBJC_LITERAL_CONVERSION = YES;
				CLANG_WARN_OBJC_ROOT_CLASS = YES_ERROR;
				CLANG_WARN_QUOTED_INCLUDE_IN_FRAMEWORK_HEADER = YES;
				CLANG_WARN_RANGE_LOOP_ANALYSIS = YES;
				CLANG_WARN_STRICT_PROTOTYPES = YES;
				CLANG_WARN_SUSPICIOUS_MOVE = YES;
				CLANG_WARN_UNGUARDED_AVAILABILITY = YES_AGGRESSIVE;
				CLANG_WARN_UNREACHABLE_CODE = YES;
				CLANG_WARN__DUPLICATE_METHOD_MATCH = YES;
				COPY_PHASE_STRIP = NO;
				DEBUG_INFORMATION_FORMAT = "dwarf-with-dsym";
				ENABLE_NS_ASSERTIONS = NO;
				ENABLE_STRICT_OBJC_MSGSEND = YES;
				ENABLE_USER_SCRIPT_SANDBOXING = YES;
				GCC_C_LANGUAGE_STANDARD = gnu17;
				GCC_NO_COMMON_BLOCKS = YES;
				GCC_WARN_64_TO_32_BIT_CONVERSION = YES;
				GCC_WARN_ABOUT_RETURN_TYPE = YES_ERROR;
				GCC_WARN_UNDECLARED_SELECTOR = YES;
				GCC_WARN_UNINITIALIZED_AUTOS = YES_AGGRESSIVE;
				GCC_WARN_UNUSED_FUNCTION = YES;
				GCC_WARN_UNUSED_VARIABLE = YES;
				IPHONEOS_DEPLOYMENT_TARGET = 18.2;
				LOCALIZATION_PREFERS_STRING_CATALOGS = YES;
				MTL_ENABLE_DEBUG_INFO = NO;
				MTL_FAST_MATH = YES;
				SDKROOT = iphoneos;
				STRING_CATALOG_GENERATE_SYMBOLS = YES;
				SWIFT_COMPILATION_MODE = wholemodule;
				VALIDATE_PRODUCT = YES;
			};
			name = Release;
		};
		BEF13CC02D4C30CC002DD096 /* Debug */ = {
			isa = XCBuildConfiguration;
			buildSettings = {
				BUNDLE_LOADER = "$(TEST_HOST)";
				CODE_SIGN_STYLE = Automatic;
				CURRENT_PROJECT_VERSION = 1;
				GENERATE_INFOPLIST_FILE = YES;
				IPHONEOS_DEPLOYMENT_TARGET = 18.2;
				MARKETING_VERSION = 1.0;
				PRODUCT_BUNDLE_IDENTIFIER = GameFrame.GameFrameIOSTests;
				PRODUCT_NAME = "$(TARGET_NAME)";
				SWIFT_EMIT_LOC_STRINGS = NO;
				SWIFT_VERSION = 5.0;
				TARGETED_DEVICE_FAMILY = "1,2";
				TEST_HOST = "$(BUILT_PRODUCTS_DIR)/GameFrameIOS.app/$(BUNDLE_EXECUTABLE_FOLDER_PATH)/GameFrameIOS";
			};
			name = Debug;
		};
		BEF13CC12D4C30CC002DD096 /* Release */ = {
			isa = XCBuildConfiguration;
			buildSettings = {
				BUNDLE_LOADER = "$(TEST_HOST)";
				CODE_SIGN_STYLE = Automatic;
				CURRENT_PROJECT_VERSION = 1;
				GENERATE_INFOPLIST_FILE = YES;
				IPHONEOS_DEPLOYMENT_TARGET = 18.2;
				MARKETING_VERSION = 1.0;
				PRODUCT_BUNDLE_IDENTIFIER = GameFrame.GameFrameIOSTests;
				PRODUCT_NAME = "$(TARGET_NAME)";
				SWIFT_EMIT_LOC_STRINGS = NO;
				SWIFT_VERSION = 5.0;
				TARGETED_DEVICE_FAMILY = "1,2";
				TEST_HOST = "$(BUILT_PRODUCTS_DIR)/GameFrameIOS.app/$(BUNDLE_EXECUTABLE_FOLDER_PATH)/GameFrameIOS";
			};
			name = Release;
		};
		BEF13CC32D4C30CC002DD096 /* Debug */ = {
			isa = XCBuildConfiguration;
			buildSettings = {
				CODE_SIGN_STYLE = Automatic;
				CURRENT_PROJECT_VERSION = 1;
				GENERATE_INFOPLIST_FILE = YES;
				MARKETING_VERSION = 1.0;
				PRODUCT_BUNDLE_IDENTIFIER = GameFrame.GameFrameIOSUITests;
				PRODUCT_NAME = "$(TARGET_NAME)";
				SWIFT_EMIT_LOC_STRINGS = NO;
				SWIFT_VERSION = 5.0;
				TARGETED_DEVICE_FAMILY = "1,2";
				TEST_TARGET_NAME = GameFrameIOS;
			};
			name = Debug;
		};
		BEF13CC42D4C30CC002DD096 /* Release */ = {
			isa = XCBuildConfiguration;
			buildSettings = {
				CODE_SIGN_STYLE = Automatic;
				CURRENT_PROJECT_VERSION = 1;
				GENERATE_INFOPLIST_FILE = YES;
				MARKETING_VERSION = 1.0;
				PRODUCT_BUNDLE_IDENTIFIER = GameFrame.GameFrameIOSUITests;
				PRODUCT_NAME = "$(TARGET_NAME)";
				SWIFT_EMIT_LOC_STRINGS = NO;
				SWIFT_VERSION = 5.0;
				TARGETED_DEVICE_FAMILY = "1,2";
				TEST_TARGET_NAME = GameFrameIOS;
			};
			name = Release;
		};
		BEFFBDC62ED6A46400745A16 /* Debug */ = {
			isa = XCBuildConfiguration;
			buildSettings = {
				ASSETCATALOG_COMPILER_APPICON_NAME = AppIcon;
				ASSETCATALOG_COMPILER_GLOBAL_ACCENT_COLOR_NAME = AccentColor;
				CODE_SIGN_STYLE = Automatic;
				CURRENT_PROJECT_VERSION = 1;
				DEVELOPMENT_TEAM = 285KQ54224;
				ENABLE_PREVIEWS = YES;
				GENERATE_INFOPLIST_FILE = YES;
				INFOPLIST_KEY_CFBundleDisplayName = GameFrameWatch;
				INFOPLIST_KEY_UISupportedInterfaceOrientations = "UIInterfaceOrientationPortrait UIInterfaceOrientationPortraitUpsideDown";
				INFOPLIST_KEY_WKCompanionAppBundleIdentifier = com.melinarochon.GameFrame.GameFrameIOS;
				LD_RUNPATH_SEARCH_PATHS = (
					"$(inherited)",
					"@executable_path/Frameworks",
				);
				MARKETING_VERSION = 1.0;
				PRODUCT_BUNDLE_IDENTIFIER = com.melinarochon.GameFrame.GameFrameIOS.watchkitapp;
				PRODUCT_NAME = "$(TARGET_NAME)";
				SDKROOT = watchos;
				SKIP_INSTALL = YES;
				STRING_CATALOG_GENERATE_SYMBOLS = YES;
				SWIFT_APPROACHABLE_CONCURRENCY = YES;
				SWIFT_DEFAULT_ACTOR_ISOLATION = MainActor;
				SWIFT_EMIT_LOC_STRINGS = YES;
				SWIFT_UPCOMING_FEATURE_MEMBER_IMPORT_VISIBILITY = YES;
				SWIFT_VERSION = 5.0;
				TARGETED_DEVICE_FAMILY = 4;
				WATCHOS_DEPLOYMENT_TARGET = 26.1;
			};
			name = Debug;
		};
		BEFFBDC72ED6A46400745A16 /* Release */ = {
			isa = XCBuildConfiguration;
			buildSettings = {
				ASSETCATALOG_COMPILER_APPICON_NAME = AppIcon;
				ASSETCATALOG_COMPILER_GLOBAL_ACCENT_COLOR_NAME = AccentColor;
				CODE_SIGN_STYLE = Automatic;
				CURRENT_PROJECT_VERSION = 1;
				DEVELOPMENT_TEAM = 285KQ54224;
				ENABLE_PREVIEWS = YES;
				GENERATE_INFOPLIST_FILE = YES;
				INFOPLIST_KEY_CFBundleDisplayName = GameFrameWatch;
				INFOPLIST_KEY_UISupportedInterfaceOrientations = "UIInterfaceOrientationPortrait UIInterfaceOrientationPortraitUpsideDown";
				INFOPLIST_KEY_WKCompanionAppBundleIdentifier = com.melinarochon.GameFrame.GameFrameIOS;
				LD_RUNPATH_SEARCH_PATHS = (
					"$(inherited)",
					"@executable_path/Frameworks",
				);
				MARKETING_VERSION = 1.0;
				PRODUCT_BUNDLE_IDENTIFIER = com.melinarochon.GameFrame.GameFrameIOS.watchkitapp;
				PRODUCT_NAME = "$(TARGET_NAME)";
				SDKROOT = watchos;
				SKIP_INSTALL = YES;
				STRING_CATALOG_GENERATE_SYMBOLS = YES;
				SWIFT_APPROACHABLE_CONCURRENCY = YES;
				SWIFT_DEFAULT_ACTOR_ISOLATION = MainActor;
				SWIFT_EMIT_LOC_STRINGS = YES;
				SWIFT_UPCOMING_FEATURE_MEMBER_IMPORT_VISIBILITY = YES;
				SWIFT_VERSION = 5.0;
				TARGETED_DEVICE_FAMILY = 4;
				WATCHOS_DEPLOYMENT_TARGET = 26.1;
			};
			name = Release;
		};
		BEFFBDE62ED6A52C00745A16 /* Debug */ = {
			isa = XCBuildConfiguration;
			buildSettings = {
				ALLOW_TARGET_PLATFORM_SPECIALIZATION = YES;
				BUILD_LIBRARY_FOR_DISTRIBUTION = YES;
				CODE_SIGN_STYLE = Automatic;
				CURRENT_PROJECT_VERSION = 1;
				DYLIB_COMPATIBILITY_VERSION = 1;
				DYLIB_CURRENT_VERSION = 1;
				DYLIB_INSTALL_NAME_BASE = "@rpath";
				ENABLE_MODULE_VERIFIER = YES;
				GENERATE_INFOPLIST_FILE = YES;
				INFOPLIST_KEY_NSHumanReadableCopyright = "";
				INSTALL_PATH = "$(LOCAL_LIBRARY_DIR)/Frameworks";
				IPHONEOS_DEPLOYMENT_TARGET = 26.1;
				LD_RUNPATH_SEARCH_PATHS = (
					"@executable_path/Frameworks",
					"@loader_path/Frameworks",
				);
				"LD_RUNPATH_SEARCH_PATHS[sdk=macosx*]" = (
					"@executable_path/../Frameworks",
					"@loader_path/Frameworks",
				);
				MACOSX_DEPLOYMENT_TARGET = 15.7;
				MARKETING_VERSION = 1.0;
				MODULE_VERIFIER_SUPPORTED_LANGUAGES = "objective-c objective-c++";
				MODULE_VERIFIER_SUPPORTED_LANGUAGE_STANDARDS = "gnu17 gnu++20";
				PRODUCT_BUNDLE_IDENTIFIER = com.melinarochon.GameFrame.GameFrameIOSShared;
				PRODUCT_NAME = "$(TARGET_NAME:c99extidentifier)";
				SDKROOT = auto;
				SKIP_INSTALL = YES;
				STRING_CATALOG_GENERATE_SYMBOLS = YES;
				SUPPORTED_PLATFORMS = "iphoneos iphonesimulator macosx xros xrsimulator";
				SWIFT_APPROACHABLE_CONCURRENCY = YES;
				SWIFT_EMIT_LOC_STRINGS = YES;
				SWIFT_INSTALL_MODULE = YES;
				SWIFT_INSTALL_OBJC_HEADER = NO;
				SWIFT_UPCOMING_FEATURE_MEMBER_IMPORT_VISIBILITY = YES;
				SWIFT_VERSION = 5.0;
				TARGETED_DEVICE_FAMILY = "1,2,7";
				VERSIONING_SYSTEM = "apple-generic";
				VERSION_INFO_PREFIX = "";
				XROS_DEPLOYMENT_TARGET = 26.1;
			};
			name = Debug;
		};
		BEFFBDE72ED6A52C00745A16 /* Release */ = {
			isa = XCBuildConfiguration;
			buildSettings = {
				ALLOW_TARGET_PLATFORM_SPECIALIZATION = YES;
				BUILD_LIBRARY_FOR_DISTRIBUTION = YES;
				CODE_SIGN_STYLE = Automatic;
				CURRENT_PROJECT_VERSION = 1;
				DYLIB_COMPATIBILITY_VERSION = 1;
				DYLIB_CURRENT_VERSION = 1;
				DYLIB_INSTALL_NAME_BASE = "@rpath";
				ENABLE_MODULE_VERIFIER = YES;
				GENERATE_INFOPLIST_FILE = YES;
				INFOPLIST_KEY_NSHumanReadableCopyright = "";
				INSTALL_PATH = "$(LOCAL_LIBRARY_DIR)/Frameworks";
				IPHONEOS_DEPLOYMENT_TARGET = 26.1;
				LD_RUNPATH_SEARCH_PATHS = (
					"@executable_path/Frameworks",
					"@loader_path/Frameworks",
				);
				"LD_RUNPATH_SEARCH_PATHS[sdk=macosx*]" = (
					"@executable_path/../Frameworks",
					"@loader_path/Frameworks",
				);
				MACOSX_DEPLOYMENT_TARGET = 15.7;
				MARKETING_VERSION = 1.0;
				MODULE_VERIFIER_SUPPORTED_LANGUAGES = "objective-c objective-c++";
				MODULE_VERIFIER_SUPPORTED_LANGUAGE_STANDARDS = "gnu17 gnu++20";
				PRODUCT_BUNDLE_IDENTIFIER = com.melinarochon.GameFrame.GameFrameIOSShared;
				PRODUCT_NAME = "$(TARGET_NAME:c99extidentifier)";
				SDKROOT = auto;
				SKIP_INSTALL = YES;
				STRING_CATALOG_GENERATE_SYMBOLS = YES;
				SUPPORTED_PLATFORMS = "iphoneos iphonesimulator macosx xros xrsimulator";
				SWIFT_APPROACHABLE_CONCURRENCY = YES;
				SWIFT_EMIT_LOC_STRINGS = YES;
				SWIFT_INSTALL_MODULE = YES;
				SWIFT_INSTALL_OBJC_HEADER = NO;
				SWIFT_UPCOMING_FEATURE_MEMBER_IMPORT_VISIBILITY = YES;
				SWIFT_VERSION = 5.0;
				TARGETED_DEVICE_FAMILY = "1,2,7";
				VERSIONING_SYSTEM = "apple-generic";
				VERSION_INFO_PREFIX = "";
				XROS_DEPLOYMENT_TARGET = 26.1;
			};
			name = Release;
		};
/* End XCBuildConfiguration section */

/* Begin XCConfigurationList section */
		BEF13C8E2D4C30CA002DD096 /* Build configuration list for PBXProject "GameFrameIOS" */ = {
			isa = XCConfigurationList;
			buildConfigurations = (
				BEF13CBD2D4C30CC002DD096 /* Debug */,
				BEF13CBE2D4C30CC002DD096 /* Release */,
			);
			defaultConfigurationIsVisible = 0;
			defaultConfigurationName = Release;
		};
		BEF13CBA2D4C30CC002DD096 /* Build configuration list for PBXNativeTarget "GameFrameIOS" */ = {
			isa = XCConfigurationList;
			buildConfigurations = (
				BEF13CBB2D4C30CC002DD096 /* Debug */,
				BEF13CBC2D4C30CC002DD096 /* Release */,
			);
			defaultConfigurationIsVisible = 0;
			defaultConfigurationName = Release;
		};
		BEF13CBF2D4C30CC002DD096 /* Build configuration list for PBXNativeTarget "GameFrameIOSTests" */ = {
			isa = XCConfigurationList;
			buildConfigurations = (
				BEF13CC02D4C30CC002DD096 /* Debug */,
				BEF13CC12D4C30CC002DD096 /* Release */,
			);
			defaultConfigurationIsVisible = 0;
			defaultConfigurationName = Release;
		};
		BEF13CC22D4C30CC002DD096 /* Build configuration list for PBXNativeTarget "GameFrameIOSUITests" */ = {
			isa = XCConfigurationList;
			buildConfigurations = (
				BEF13CC32D4C30CC002DD096 /* Debug */,
				BEF13CC42D4C30CC002DD096 /* Release */,
			);
			defaultConfigurationIsVisible = 0;
			defaultConfigurationName = Release;
		};
		BEFFBDC52ED6A46400745A16 /* Build configuration list for PBXNativeTarget "GameFrameWatch Watch App" */ = {
			isa = XCConfigurationList;
			buildConfigurations = (
				BEFFBDC62ED6A46400745A16 /* Debug */,
				BEFFBDC72ED6A46400745A16 /* Release */,
			);
			defaultConfigurationIsVisible = 0;
			defaultConfigurationName = Release;
		};
		BEFFBDE52ED6A52C00745A16 /* Build configuration list for PBXNativeTarget "GameFrameIOSShared" */ = {
			isa = XCConfigurationList;
			buildConfigurations = (
				BEFFBDE62ED6A52C00745A16 /* Debug */,
				BEFFBDE72ED6A52C00745A16 /* Release */,
			);
			defaultConfigurationIsVisible = 0;
			defaultConfigurationName = Release;
		};
/* End XCConfigurationList section */

/* Begin XCLocalSwiftPackageReference section */
		BEC565812E7B1630009D4D17 /* XCLocalSwiftPackageReference "../../../../Downloads/TranscribingSpeechToText/StartingProject/TutorialResources/TranscriptionKit" */ = {
			isa = XCLocalSwiftPackageReference;
			relativePath = ../../../../Downloads/TranscribingSpeechToText/StartingProject/TutorialResources/TranscriptionKit;
		};
		BEC565842E7B163B009D4D17 /* XCLocalSwiftPackageReference "../../../../Downloads/TranscribingSpeechToText/StartingProject/TutorialResources/TimerKit" */ = {
			isa = XCLocalSwiftPackageReference;
			relativePath = ../../../../Downloads/TranscribingSpeechToText/StartingProject/TutorialResources/TimerKit;
		};
/* End XCLocalSwiftPackageReference section */

/* Begin XCRemoteSwiftPackageReference section */
		BEC5657B2E7B1617009D4D17 /* XCRemoteSwiftPackageReference "DurationPicker" */ = {
			isa = XCRemoteSwiftPackageReference;
			repositoryURL = "https://github.com/mac-gallagher/DurationPicker";
			requirement = {
				kind = upToNextMajorVersion;
				minimumVersion = 1.0.2;
			};
		};
		BEC5657E2E7B1627009D4D17 /* XCRemoteSwiftPackageReference "SFSymbolsPicker" */ = {
			isa = XCRemoteSwiftPackageReference;
			repositoryURL = "https://github.com/alessiorubicini/SFSymbolsPicker";
			requirement = {
				kind = upToNextMajorVersion;
				minimumVersion = 1.0.7;
			};
		};
		BEC565872E7B167E009D4D17 /* XCRemoteSwiftPackageReference "firebase-ios-sdk" */ = {
			isa = XCRemoteSwiftPackageReference;
			repositoryURL = "https://github.com/firebase/firebase-ios-sdk";
			requirement = {
				kind = upToNextMajorVersion;
				minimumVersion = 11.9.0;
			};
		};
/* End XCRemoteSwiftPackageReference section */

/* Begin XCSwiftPackageProductDependency section */
		BEC5657C2E7B1617009D4D17 /* DurationPicker */ = {
			isa = XCSwiftPackageProductDependency;
			package = BEC5657B2E7B1617009D4D17 /* XCRemoteSwiftPackageReference "DurationPicker" */;
			productName = DurationPicker;
		};
		BEC5657F2E7B1627009D4D17 /* SFSymbolsPicker */ = {
			isa = XCSwiftPackageProductDependency;
			package = BEC5657E2E7B1627009D4D17 /* XCRemoteSwiftPackageReference "SFSymbolsPicker" */;
			productName = SFSymbolsPicker;
		};
		BEC565822E7B1630009D4D17 /* TranscriptionKit */ = {
			isa = XCSwiftPackageProductDependency;
			productName = TranscriptionKit;
		};
		BEC565852E7B163B009D4D17 /* TimerKit */ = {
			isa = XCSwiftPackageProductDependency;
			productName = TimerKit;
		};
		BEC565882E7B167E009D4D17 /* FirebaseAnalytics */ = {
			isa = XCSwiftPackageProductDependency;
			package = BEC565872E7B167E009D4D17 /* XCRemoteSwiftPackageReference "firebase-ios-sdk" */;
			productName = FirebaseAnalytics;
		};
		BEC5658A2E7B167E009D4D17 /* FirebaseAuth */ = {
			isa = XCSwiftPackageProductDependency;
			package = BEC565872E7B167E009D4D17 /* XCRemoteSwiftPackageReference "firebase-ios-sdk" */;
			productName = FirebaseAuth;
		};
		BEC5658C2E7B167E009D4D17 /* FirebaseCore */ = {
			isa = XCSwiftPackageProductDependency;
			package = BEC565872E7B167E009D4D17 /* XCRemoteSwiftPackageReference "firebase-ios-sdk" */;
			productName = FirebaseCore;
		};
		BEC5658E2E7B167E009D4D17 /* FirebaseFirestore */ = {
			isa = XCSwiftPackageProductDependency;
			package = BEC565872E7B167E009D4D17 /* XCRemoteSwiftPackageReference "firebase-ios-sdk" */;
			productName = FirebaseFirestore;
		};
		BEC565902E7B167E009D4D17 /* FirebaseStorage */ = {
			isa = XCSwiftPackageProductDependency;
			package = BEC565872E7B167E009D4D17 /* XCRemoteSwiftPackageReference "firebase-ios-sdk" */;
			productName = FirebaseStorage;
		};
/* End XCSwiftPackageProductDependency section */
	};
	rootObject = BEF13C8B2D4C30CA002DD096 /* Project object */;
}
